{
  "version": 4,
  "terraform_version": "1.11.2",
  "serial": 29,
  "lineage": "644ce513-9b3e-7ec2-c1e8-d7dedb4b12de",
  "outputs": {
    "gcs_bucket": {
      "value": "trendsinsight-76709-datalake",
      "type": "string"
    },
    "gke_cluster": {
      "value": "kestra-cluster",
      "type": "string"
    },
    "gke_command": {
      "value": "gcloud container clusters get-credentials kestra-cluster --region us-central1 --project trendsinsight-76709",
      "type": "string"
    },
    "kestra_install_commands": {
      "value": "# Get cluster credentials\ngcloud container clusters get-credentials kestra-cluster --region us-central1 --project trendsinsight-76709\n\n# Install Kestra using Helm\nhelm repo add kestra https://kestra-io.github.io/helm-charts\nhelm repo update\nhelm install kestra kestra/kestra \\\\\n  --set env.config.kestra.storage.type=gcs \\\\\n  --set env.config.kestra.storage.gcs.bucket=trendsinsight-76709-kestra \\\\\n  --set env.config.kestra.variables.gcp.project=trendsinsight-76709 \\\\\n  --set env.config.kestra.variables.gcp.serviceAccount=terraform-serviceacc@trendsinsight-76709.iam.gserviceaccount.com\n\n# Expose the UI\nkubectl expose deployment kestra --type=LoadBalancer --name=kestra-ui --port=8080\n\n# Wait for external IP\nkubectl get service kestra-ui\n\n# Import the workflow\nexport KESTRA_URL=$(kubectl get service kestra-ui -o jsonpath='{.status.loadBalancer.ingress[0].ip}'):8080\ncurl -X POST \"http://$KESTRA_URL/api/v1/flows/import\" -H \"Content-Type: application/yaml\" --data-binary @\u003c(gsutil cat gs://trendsinsight-76709-kestra/workflows/trends_ingest.yml)\n\n# Execute the workflow\ncurl -X POST \"http://$KESTRA_URL/api/v1/executions\" -H \"Content-Type: application/json\" -d '{\"namespace\":\"Topterms\",\"flowId\":\"trends_ingest\"}'\n",
      "type": "string"
    },
    "kestra_storage_bucket": {
      "value": "trendsinsight-76709-kestra",
      "type": "string"
    },
    "service_account": {
      "value": "terraform-serviceacc@trendsinsight-76709.iam.gserviceaccount.com",
      "type": "string"
    }
  },
  "resources": [
    {
      "mode": "managed",
      "type": "google_bigquery_dataset",
      "name": "topterms_dataset",
      "provider": "provider[\"registry.terraform.io/hashicorp/google\"]",
      "instances": [
        {
          "schema_version": 0,
          "attributes": {
            "access": [
              {
                "condition": [],
                "dataset": [],
                "domain": "",
                "group_by_email": "",
                "iam_member": "",
                "role": "OWNER",
                "routine": [],
                "special_group": "",
                "user_by_email": "terraform-service@trendsinsight-76709.iam.gserviceaccount.com",
                "view": []
              },
              {
                "condition": [],
                "dataset": [],
                "domain": "",
                "group_by_email": "",
                "iam_member": "",
                "role": "OWNER",
                "routine": [],
                "special_group": "projectOwners",
                "user_by_email": "",
                "view": []
              },
              {
                "condition": [],
                "dataset": [],
                "domain": "",
                "group_by_email": "",
                "iam_member": "",
                "role": "READER",
                "routine": [],
                "special_group": "projectReaders",
                "user_by_email": "",
                "view": []
              },
              {
                "condition": [],
                "dataset": [],
                "domain": "",
                "group_by_email": "",
                "iam_member": "",
                "role": "WRITER",
                "routine": [],
                "special_group": "projectWriters",
                "user_by_email": "",
                "view": []
              }
            ],
            "creation_time": 1746092224425,
            "dataset_id": "topterms_analysis",
            "default_collation": "",
            "default_encryption_configuration": [],
            "default_partition_expiration_ms": 0,
            "default_table_expiration_ms": 0,
            "delete_contents_on_destroy": false,
            "description": "Dataset for Analysis of Top International trending Terms for helping businesses",
            "effective_labels": {
              "goog-terraform-provisioned": "true"
            },
            "etag": "q12USVRNiyhiM/ibVGoErw==",
            "external_catalog_dataset_options": [],
            "external_dataset_reference": [],
            "friendly_name": "Google Trends",
            "id": "projects/trendsinsight-76709/datasets/topterms_analysis",
            "is_case_insensitive": false,
            "labels": {},
            "last_modified_time": 1746092224425,
            "location": "us-central1",
            "max_time_travel_hours": "168",
            "project": "trendsinsight-76709",
            "resource_tags": {},
            "self_link": "https://bigquery.googleapis.com/bigquery/v2/projects/trendsinsight-76709/datasets/topterms_analysis",
            "storage_billing_model": "",
            "terraform_labels": {
              "goog-terraform-provisioned": "true"
            },
            "timeouts": null
          },
          "sensitive_attributes": [],
          "private": "eyJlMmJmYjczMC1lY2FhLTExZTYtOGY4OC0zNDM2M2JjN2M0YzAiOnsiY3JlYXRlIjoxMjAwMDAwMDAwMDAwLCJkZWxldGUiOjEyMDAwMDAwMDAwMDAsInVwZGF0ZSI6MTIwMDAwMDAwMDAwMH19"
        }
      ]
    },
    {
      "mode": "managed",
      "type": "google_project_iam_binding",
      "name": "bigquery_admin",
      "provider": "provider[\"registry.terraform.io/hashicorp/google\"]",
      "instances": [
        {
          "schema_version": 0,
          "attributes": {
            "condition": [],
            "etag": "BwY0EItXNAo=",
            "id": "trendsinsight-76709/roles/bigquery.admin",
            "members": [
              "serviceAccount:terraform-serviceacc@trendsinsight-76709.iam.gserviceaccount.com"
            ],
            "project": "trendsinsight-76709",
            "role": "roles/bigquery.admin"
          },
          "sensitive_attributes": [],
          "private": "bnVsbA==",
          "dependencies": [
            "google_service_account.pipeline_service_account"
          ]
        }
      ]
    },
    {
      "mode": "managed",
      "type": "google_project_iam_binding",
      "name": "storage_admin",
      "provider": "provider[\"registry.terraform.io/hashicorp/google\"]",
      "instances": [
        {
          "schema_version": 0,
          "attributes": {
            "condition": [],
            "etag": "BwY0EItXNAo=",
            "id": "trendsinsight-76709/roles/storage.admin",
            "members": [
              "serviceAccount:terraform-serviceacc@trendsinsight-76709.iam.gserviceaccount.com"
            ],
            "project": "trendsinsight-76709",
            "role": "roles/storage.admin"
          },
          "sensitive_attributes": [],
          "private": "bnVsbA==",
          "dependencies": [
            "google_service_account.pipeline_service_account"
          ]
        }
      ]
    },
    {
      "mode": "managed",
      "type": "google_service_account",
      "name": "pipeline_service_account",
      "provider": "provider[\"registry.terraform.io/hashicorp/google\"]",
      "instances": [
        {
          "schema_version": 0,
          "attributes": {
            "account_id": "terraform-serviceacc",
            "create_ignore_already_exists": null,
            "description": "",
            "disabled": false,
            "display_name": "Trends Pipeline Service Account",
            "email": "terraform-serviceacc@trendsinsight-76709.iam.gserviceaccount.com",
            "id": "projects/trendsinsight-76709/serviceAccounts/terraform-serviceacc@trendsinsight-76709.iam.gserviceaccount.com",
            "member": "serviceAccount:terraform-serviceacc@trendsinsight-76709.iam.gserviceaccount.com",
            "name": "projects/trendsinsight-76709/serviceAccounts/terraform-serviceacc@trendsinsight-76709.iam.gserviceaccount.com",
            "project": "trendsinsight-76709",
            "timeouts": null,
            "unique_id": "107707394307422146549"
          },
          "sensitive_attributes": [],
          "private": "eyJlMmJmYjczMC1lY2FhLTExZTYtOGY4OC0zNDM2M2JjN2M0YzAiOnsiY3JlYXRlIjozMDAwMDAwMDAwMDB9fQ=="
        }
      ]
    },
    {
      "mode": "managed",
      "type": "google_storage_bucket",
      "name": "data_lake",
      "provider": "provider[\"registry.terraform.io/hashicorp/google\"]",
      "instances": [
        {
          "schema_version": 3,
          "attributes": {
            "autoclass": [],
            "cors": [],
            "custom_placement_config": [],
            "default_event_based_hold": false,
            "effective_labels": {
              "goog-terraform-provisioned": "true"
            },
            "enable_object_retention": false,
            "encryption": [],
            "force_destroy": true,
            "hierarchical_namespace": [
              {
                "enabled": false
              }
            ],
            "id": "trendsinsight-76709-datalake",
            "labels": {},
            "lifecycle_rule": [],
            "location": "US-CENTRAL1",
            "logging": [],
            "name": "trendsinsight-76709-datalake",
            "project": "trendsinsight-76709",
            "project_number": 954811927939,
            "public_access_prevention": "inherited",
            "requester_pays": false,
            "retention_policy": [],
            "rpo": null,
            "self_link": "https://www.googleapis.com/storage/v1/b/trendsinsight-76709-datalake",
            "soft_delete_policy": [
              {
                "effective_time": "2025-05-01T09:37:05.440Z",
                "retention_duration_seconds": 604800
              }
            ],
            "storage_class": "STANDARD",
            "terraform_labels": {
              "goog-terraform-provisioned": "true"
            },
            "time_created": "2025-05-01T09:37:05.440Z",
            "timeouts": null,
            "uniform_bucket_level_access": false,
            "updated": "2025-05-01T09:37:05.440Z",
            "url": "gs://trendsinsight-76709-datalake",
            "versioning": [
              {
                "enabled": true
              }
            ],
            "website": []
          },
          "sensitive_attributes": [],
          "private": "eyJlMmJmYjczMC1lY2FhLTExZTYtOGY4OC0zNDM2M2JjN2M0YzAiOnsiY3JlYXRlIjo2MDAwMDAwMDAwMDAsInJlYWQiOjI0MDAwMDAwMDAwMCwidXBkYXRlIjoyNDAwMDAwMDAwMDB9LCJzY2hlbWFfdmVyc2lvbiI6IjMifQ=="
        }
      ]
    },
    {
      "mode": "managed",
      "type": "google_storage_bucket",
      "name": "kestra_storage",
      "provider": "provider[\"registry.terraform.io/hashicorp/google\"]",
      "instances": [
        {
          "schema_version": 3,
          "attributes": {
            "autoclass": [],
            "cors": [],
            "custom_placement_config": [],
            "default_event_based_hold": false,
            "effective_labels": {
              "goog-terraform-provisioned": "true"
            },
            "enable_object_retention": false,
            "encryption": [],
            "force_destroy": true,
            "hierarchical_namespace": [
              {
                "enabled": false
              }
            ],
            "id": "trendsinsight-76709-kestra",
            "labels": {},
            "lifecycle_rule": [],
            "location": "US-CENTRAL1",
            "logging": [],
            "name": "trendsinsight-76709-kestra",
            "project": "trendsinsight-76709",
            "project_number": 954811927939,
            "public_access_prevention": "inherited",
            "requester_pays": false,
            "retention_policy": [],
            "rpo": null,
            "self_link": "https://www.googleapis.com/storage/v1/b/trendsinsight-76709-kestra",
            "soft_delete_policy": [
              {
                "effective_time": "2025-05-01T09:37:04.557Z",
                "retention_duration_seconds": 604800
              }
            ],
            "storage_class": "STANDARD",
            "terraform_labels": {
              "goog-terraform-provisioned": "true"
            },
            "time_created": "2025-05-01T09:37:04.557Z",
            "timeouts": null,
            "uniform_bucket_level_access": false,
            "updated": "2025-05-01T09:37:04.557Z",
            "url": "gs://trendsinsight-76709-kestra",
            "versioning": [
              {
                "enabled": true
              }
            ],
            "website": []
          },
          "sensitive_attributes": [],
          "private": "eyJlMmJmYjczMC1lY2FhLTExZTYtOGY4OC0zNDM2M2JjN2M0YzAiOnsiY3JlYXRlIjo2MDAwMDAwMDAwMDAsInJlYWQiOjI0MDAwMDAwMDAwMCwidXBkYXRlIjoyNDAwMDAwMDAwMDB9LCJzY2hlbWFfdmVyc2lvbiI6IjMifQ=="
        }
      ]
    },
    {
      "mode": "managed",
      "type": "google_storage_bucket_object",
      "name": "kestra_workflow",
      "provider": "provider[\"registry.terraform.io/hashicorp/google\"]",
      "instances": [
        {
          "schema_version": 0,
          "attributes": {
            "bucket": "trendsinsight-76709-kestra",
            "cache_control": "",
            "content": "id: trends_ingest\nnamespace: Topterms\ndescription: |\n  Extracts startup data from the public BigQuery dataset, \n  processes it, and loads it into our optimized table structure\n\ntasks:\n  - id: extract_data\n    type: io.kestra.plugin.gcp.bigquery.Query\n    sql: |\n      SELECT * \n      FROM  \\`bigquery-public-data.google_trends.international_top_terms\\`\n      WHERE refresh_date = \"2025-04-29\"\n      LIMIT 1000\n\n    destinationTable: \"{{gcp.project}}.topterms_dataset.Top_Terms_raw\"\n    serviceAccount: \"{{gcp.serviceAccount}}\"\n",
            "content_disposition": "",
            "content_encoding": "",
            "content_language": "",
            "content_type": "text/plain; charset=utf-8",
            "crc32c": "SKenZw==",
            "customer_encryption": [],
            "detect_md5hash": "cKwju1UwQUd7Y7DaEZJHWA==",
            "event_based_hold": false,
            "generation": 1746092228622670,
            "id": "trendsinsight-76709-kestra-workflows/trends_ingest.yml",
            "kms_key_name": "",
            "md5hash": "cKwju1UwQUd7Y7DaEZJHWA==",
            "md5hexhash": "70ac23bb553041477b63b0da11924758",
            "media_link": "https://storage.googleapis.com/download/storage/v1/b/trendsinsight-76709-kestra/o/workflows%2Ftrends_ingest.yml?generation=1746092228622670\u0026alt=media",
            "metadata": {},
            "name": "workflows/trends_ingest.yml",
            "output_name": "workflows/trends_ingest.yml",
            "retention": [],
            "self_link": "https://www.googleapis.com/storage/v1/b/trendsinsight-76709-kestra/o/workflows%2Ftrends_ingest.yml",
            "source": null,
            "storage_class": "STANDARD",
            "temporary_hold": false,
            "timeouts": null
          },
          "sensitive_attributes": [
            [
              {
                "type": "get_attr",
                "value": "content"
              }
            ]
          ],
          "private": "eyJlMmJmYjczMC1lY2FhLTExZTYtOGY4OC0zNDM2M2JjN2M0YzAiOnsiY3JlYXRlIjoyNDAwMDAwMDAwMDAsImRlbGV0ZSI6MjQwMDAwMDAwMDAwLCJ1cGRhdGUiOjI0MDAwMDAwMDAwMH19",
          "dependencies": [
            "google_storage_bucket.kestra_storage"
          ]
        }
      ]
    }
  ],
  "check_results": null
}
