{
  "version": 4,
  "terraform_version": "1.11.2",
  "serial": 33,
  "lineage": "644ce513-9b3e-7ec2-c1e8-d7dedb4b12de",
  "outputs": {
    "gcs_bucket": {
      "value": "trendsinsight-76709-datalake",
      "type": "string"
    },
    "gke_cluster": {
      "value": "kestra-cluster",
      "type": "string"
    },
    "gke_command": {
      "value": "gcloud container clusters get-credentials kestra-cluster --region us-central1 --project trendsinsight-76709",
      "type": "string"
    },
    "kestra_install_commands": {
      "value": "# Get cluster credentials\ngcloud container clusters get-credentials kestra-cluster --region us-central1 --project trendsinsight-76709\n\n# Install Kestra using Helm\nhelm repo add kestra https://kestra-io.github.io/helm-charts\nhelm repo update\nhelm install kestra kestra/kestra \\\\\n  --set env.config.kestra.storage.type=gcs \\\\\n  --set env.config.kestra.storage.gcs.bucket=trendsinsight-76709-kestra \\\\\n  --set env.config.kestra.variables.gcp.project=trendsinsight-76709 \\\\\n  --set env.config.kestra.variables.gcp.serviceAccount=terraform-serviceacc@trendsinsight-76709.iam.gserviceaccount.com\n\n# Expose the UI\nkubectl expose deployment kestra --type=LoadBalancer --name=kestra-ui --port=8080\n\n# Wait for external IP\nkubectl get service kestra-ui\n\n# Import the workflow\nexport KESTRA_URL=$(kubectl get service kestra-ui -o jsonpath='{.status.loadBalancer.ingress[0].ip}'):8080\ncurl -X POST \"http://$KESTRA_URL/api/v1/flows/import\" -H \"Content-Type: application/yaml\" --data-binary @\u003c(gsutil cat gs://trendsinsight-76709-kestra/workflows/trends_ingest.yml)\n\n# Execute the workflow\ncurl -X POST \"http://$KESTRA_URL/api/v1/executions\" -H \"Content-Type: application/json\" -d '{\"namespace\":\"Topterms\",\"flowId\":\"trends_ingest\"}'\n",
      "type": "string"
    },
    "kestra_storage_bucket": {
      "value": "trendsinsight-76709-kestra",
      "type": "string"
    },
    "service_account": {
      "value": "terraform-serviceacc@trendsinsight-76709.iam.gserviceaccount.com",
      "type": "string"
    }
  },
  "resources": [
    {
      "mode": "managed",
      "type": "google_bigquery_dataset",
      "name": "topterms_dataset",
      "provider": "provider[\"registry.terraform.io/hashicorp/google\"]",
      "instances": [
        {
          "schema_version": 0,
          "attributes": {
            "access": [
              {
                "condition": [],
                "dataset": [],
                "domain": "",
                "group_by_email": "",
                "iam_member": "",
                "role": "OWNER",
                "routine": [],
                "special_group": "",
                "user_by_email": "terraform-service@trendsinsight-76709.iam.gserviceaccount.com",
                "view": []
              },
              {
                "condition": [],
                "dataset": [],
                "domain": "",
                "group_by_email": "",
                "iam_member": "",
                "role": "OWNER",
                "routine": [],
                "special_group": "projectOwners",
                "user_by_email": "",
                "view": []
              },
              {
                "condition": [],
                "dataset": [],
                "domain": "",
                "group_by_email": "",
                "iam_member": "",
                "role": "READER",
                "routine": [],
                "special_group": "projectReaders",
                "user_by_email": "",
                "view": []
              },
              {
                "condition": [],
                "dataset": [],
                "domain": "",
                "group_by_email": "",
                "iam_member": "",
                "role": "WRITER",
                "routine": [],
                "special_group": "projectWriters",
                "user_by_email": "",
                "view": []
              }
            ],
            "creation_time": 1746092224425,
            "dataset_id": "topterms_analysis",
            "default_collation": "",
            "default_encryption_configuration": [],
            "default_partition_expiration_ms": 0,
            "default_table_expiration_ms": 0,
            "delete_contents_on_destroy": false,
            "description": "Dataset for Analysis of Top International trending Terms for helping businesses",
            "effective_labels": {
              "goog-terraform-provisioned": "true"
            },
            "etag": "q12USVRNiyhiM/ibVGoErw==",
            "external_catalog_dataset_options": [],
            "external_dataset_reference": [],
            "friendly_name": "Google Trends",
            "id": "projects/trendsinsight-76709/datasets/topterms_analysis",
            "is_case_insensitive": false,
            "labels": {},
            "last_modified_time": 1746092224425,
            "location": "us-central1",
            "max_time_travel_hours": "168",
            "project": "trendsinsight-76709",
            "resource_tags": {},
            "self_link": "https://bigquery.googleapis.com/bigquery/v2/projects/trendsinsight-76709/datasets/topterms_analysis",
            "storage_billing_model": "",
            "terraform_labels": {
              "goog-terraform-provisioned": "true"
            },
            "timeouts": null
          },
          "sensitive_attributes": [],
          "private": "eyJlMmJmYjczMC1lY2FhLTExZTYtOGY4OC0zNDM2M2JjN2M0YzAiOnsiY3JlYXRlIjoxMjAwMDAwMDAwMDAwLCJkZWxldGUiOjEyMDAwMDAwMDAwMDAsInVwZGF0ZSI6MTIwMDAwMDAwMDAwMH19"
        }
      ]
    },
    {
      "mode": "managed",
      "type": "google_container_cluster",
      "name": "kestra_cluster",
      "provider": "provider[\"registry.terraform.io/hashicorp/google\"]",
      "instances": [
        {
          "schema_version": 2,
          "attributes": {
            "addons_config": [
              {
                "cloudrun_config": [],
                "config_connector_config": [],
                "dns_cache_config": [],
                "gce_persistent_disk_csi_driver_config": [
                  {
                    "enabled": true
                  }
                ],
                "gcp_filestore_csi_driver_config": [],
                "gcs_fuse_csi_driver_config": [],
                "gke_backup_agent_config": [],
                "horizontal_pod_autoscaling": [],
                "http_load_balancing": [],
                "network_policy_config": [
                  {
                    "disabled": true
                  }
                ],
                "parallelstore_csi_driver_config": [],
                "ray_operator_config": [],
                "stateful_ha_config": []
              }
            ],
            "allow_net_admin": null,
            "authenticator_groups_config": [],
            "binary_authorization": [
              {
                "enabled": false,
                "evaluation_mode": ""
              }
            ],
            "cluster_autoscaling": [
              {
                "auto_provisioning_defaults": [],
                "auto_provisioning_locations": [],
                "autoscaling_profile": "BALANCED",
                "enabled": false,
                "resource_limits": []
              }
            ],
            "cluster_ipv4_cidr": "10.116.0.0/14",
            "confidential_nodes": [],
            "control_plane_endpoints_config": [
              {
                "dns_endpoint_config": [
                  {
                    "allow_external_traffic": false,
                    "endpoint": "gke-2bceba1bf26146bbb83c77ff07ea595cf620-954811927939.us-central1.gke.goog"
                  }
                ],
                "ip_endpoints_config": [
                  {
                    "enabled": true
                  }
                ]
              }
            ],
            "cost_management_config": [],
            "database_encryption": [
              {
                "key_name": "",
                "state": "DECRYPTED"
              }
            ],
            "datapath_provider": "",
            "default_max_pods_per_node": 110,
            "default_snat_status": [
              {
                "disabled": false
              }
            ],
            "deletion_protection": true,
            "description": "",
            "disable_l4_lb_firewall_reconciliation": false,
            "dns_config": [],
            "effective_labels": {
              "goog-terraform-provisioned": "true"
            },
            "enable_autopilot": false,
            "enable_cilium_clusterwide_network_policy": false,
            "enable_fqdn_network_policy": false,
            "enable_intranode_visibility": false,
            "enable_k8s_beta_apis": [],
            "enable_kubernetes_alpha": false,
            "enable_l4_ilb_subsetting": false,
            "enable_legacy_abac": false,
            "enable_multi_networking": false,
            "enable_shielded_nodes": true,
            "enable_tpu": false,
            "endpoint": "34.68.60.59",
            "enterprise_config": [
              {
                "cluster_tier": "STANDARD",
                "desired_tier": ""
              }
            ],
            "fleet": [],
            "gateway_api_config": [],
            "id": "projects/trendsinsight-76709/locations/us-central1/clusters/kestra-cluster",
            "identity_service_config": [],
            "initial_node_count": 1,
            "ip_allocation_policy": [
              {
                "additional_pod_ranges_config": [],
                "cluster_ipv4_cidr_block": "10.116.0.0/14",
                "cluster_secondary_range_name": "gke-kestra-cluster-pods-2bceba1b",
                "pod_cidr_overprovision_config": [
                  {
                    "disabled": false
                  }
                ],
                "services_ipv4_cidr_block": "34.118.224.0/20",
                "services_secondary_range_name": "",
                "stack_type": "IPV4"
              }
            ],
            "label_fingerprint": "78cdf2f6",
            "location": "us-central1",
            "logging_config": [
              {
                "enable_components": [
                  "SYSTEM_COMPONENTS",
                  "WORKLOADS"
                ]
              }
            ],
            "logging_service": "logging.googleapis.com/kubernetes",
            "maintenance_policy": [],
            "master_auth": [
              {
                "client_certificate": "",
                "client_certificate_config": [
                  {
                    "issue_client_certificate": false
                  }
                ],
                "client_key": "",
                "cluster_ca_certificate": "LS0tLS1CRUdJTiBDRVJUSUZJQ0FURS0tLS0tCk1JSUVMVENDQXBXZ0F3SUJBZ0lSQUxqbDYzczkwR2JmSE8yNmF6RHB6Y1V3RFFZSktvWklodmNOQVFFTEJRQXcKTHpFdE1Dc0dBMVVFQXhNa05HUmlZall6T0RRdFkyWXlZeTAwWkdZeUxXRXlObVV0WXpBNFlXVXpZamt3TTJOaApNQ0FYRFRJMU1EVXdNVEE1TXpRd00xb1lEekl3TlRVd05ESTBNVEF6TkRBeldqQXZNUzB3S3dZRFZRUURFeVEwClpHSmlOak00TkMxalpqSmpMVFJrWmpJdFlUSTJaUzFqTURoaFpUTmlPVEF6WTJFd2dnR2lNQTBHQ1NxR1NJYjMKRFFFQkFRVUFBNElCandBd2dnR0tBb0lCZ1FEZHpTanBsQmd4VkNkUVExcUdDL2NJblh5bm9jNlFWVE9PaHlMLwoxcVZCdU1JTDErVXRCM2lHMEFIQUhNQk5ZR3RFVjJTSVphZ24raFFQNndrR2FNQ0RQVEFncnFkdWpIWTFlaEJVCnhOQ1hFTXRKK21RV3lwVUh0L2VmdEkzeXdsYWo0QytMU3ZuanlkeG5qZlRyMm9RSEFxL2NhK3JzWnBiWURtcnUKSklMc2VVQ0xWMnlOZHl1NUhrcTJpTS9uNTdIdVR1c1h6NTN2amlieXA3VnExakdOenc5bE9rNUtQYTI5aEd2YQpIU0tiejFlR0VuaG1NaDlZTEcrT0prcWpKamZqQjVBMDhLL2p4M2drZUhSbXhOaXBJNW04QVRoSkJtOTh0dTVpClJTTzhFRVdKUGF1dUFxSnNreFpyTzdrUkRTNjdpOW8xTUR3ei9tRzVpeXBYZFRGL0dRRm1QTmtSSnJ0OVJBR0MKWnlTSE1jY3VaOXZZWVZvZ0k2dGVVNWVmdmZpdE9nOXUvcmw3RHhiNGpiNUFyQVRiR2JiUStkVUxsUjFSa0M1VApjOG1HbUhjRmpNUGZRQS9IVWVGRW5iZGFYNHdQYTd4N3pOZW51U0tvS1pXVnFBcXFOSm8xUTlPSUZvdUZnbTdDCjY5VlRzZXZTOUM1S3A1ZW5sK2Y5QTVTYU5rRUNBd0VBQWFOQ01FQXdEZ1lEVlIwUEFRSC9CQVFEQWdJRU1BOEcKQTFVZEV3RUIvd1FGTUFNQkFmOHdIUVlEVlIwT0JCWUVGSERyM0t4SHl1aGNYMDAvcC9yVnlHRUxGRmJ5TUEwRwpDU3FHU0liM0RRRUJDd1VBQTRJQmdRQ2hwaTRqQXFvc0pya1JKTlZTMzlrUFY0WG80WWROWlB2NS9DZXJYVHZFClAzT2NucndKZHFMWklVWlZMem00ZHdqTWVWYmx5OTJZQjBDOUtRTTJHeG9PWkhCVjNPSk5jNWMyTk1STmp0dE0KOFV1SDlLZzZxTGpqS2MrdFZwSDY3OHJVZzh4RzJ3Tkkxb2pQMVVtSVVKcDFkWkxQemVnSUFVS2tkTVRBb0ZGcQp0ajZUV3dlbUc4TnhqUGZIQlExc1ZsTS9PTXRObnNHZEtUM2JmQ3dSaUZVeHE3MHM0YzBpY0ZBNm8vTDcwNDhUCjNCNDB6T041ekNZblhaS0NaOU9WbDM5OEhBSWJMZDlWWEZmYk9tQS83RnlXNXRrNGcvNm1tcExnOUZrR2pVZUEKTG14NkxYNnphbEJtYUovOG56MXNIa29lNjE0M1ArVjJnWTVQWU5qOERPVnJxMkpHM3JEQ25DQ1BZTGQyVVNTeApCSURUbXZSZVlJY1BtMFJtVXpKT2krV2wycEtFWm91WFoyVGZ6Z2RJMGxvN2N6VHdtN1V1eUNaRzNEQ2YwbWlyCkxTblRhS01Ea1FVZkwwVmVJbkRBc3hPRjI0MGdYMzRVYXhEaTJuSGhJTm9TOEhwRXEvUTdoOXovYzZOanduQTYKM1J3LzFZRWI1dnU2aEoyZ2F4bnRUR2c9Ci0tLS0tRU5EIENFUlRJRklDQVRFLS0tLS0K"
              }
            ],
            "master_authorized_networks_config": [],
            "master_version": "1.32.2-gke.1182003",
            "mesh_certificates": [],
            "min_master_version": null,
            "monitoring_config": [
              {
                "advanced_datapath_observability_config": [
                  {
                    "enable_metrics": false,
                    "enable_relay": false
                  }
                ],
                "enable_components": [
                  "SYSTEM_COMPONENTS",
                  "STATEFULSET",
                  "JOBSET",
                  "STORAGE",
                  "HPA",
                  "POD",
                  "DAEMONSET",
                  "DEPLOYMENT",
                  "CADVISOR",
                  "KUBELET",
                  "DCGM"
                ],
                "managed_prometheus": [
                  {
                    "auto_monitoring_config": [],
                    "enabled": true
                  }
                ]
              }
            ],
            "monitoring_service": "monitoring.googleapis.com/kubernetes",
            "name": "kestra-cluster",
            "network": "projects/trendsinsight-76709/global/networks/default",
            "network_policy": [
              {
                "enabled": false,
                "provider": "PROVIDER_UNSPECIFIED"
              }
            ],
            "networking_mode": "VPC_NATIVE",
            "node_config": [
              {
                "advanced_machine_features": [],
                "boot_disk_kms_key": "",
                "confidential_nodes": [],
                "containerd_config": [],
                "disk_size_gb": 50,
                "disk_type": "pd-standard",
                "effective_taints": [],
                "enable_confidential_storage": false,
                "ephemeral_storage_local_ssd_config": [],
                "fast_socket": [],
                "gcfs_config": [],
                "guest_accelerator": [],
                "gvnic": [],
                "host_maintenance_policy": [],
                "image_type": "COS_CONTAINERD",
                "kubelet_config": [
                  {
                    "allowed_unsafe_sysctls": [],
                    "container_log_max_files": 0,
                    "container_log_max_size": "",
                    "cpu_cfs_quota": false,
                    "cpu_cfs_quota_period": "",
                    "cpu_manager_policy": "",
                    "image_gc_high_threshold_percent": 0,
                    "image_gc_low_threshold_percent": 0,
                    "image_maximum_gc_age": "",
                    "image_minimum_gc_age": "",
                    "insecure_kubelet_readonly_port_enabled": "FALSE",
                    "pod_pids_limit": 0
                  }
                ],
                "labels": {},
                "linux_node_config": [],
                "local_nvme_ssd_block_config": [],
                "local_ssd_count": 0,
                "local_ssd_encryption_mode": "",
                "logging_variant": "DEFAULT",
                "machine_type": "e2-medium",
                "max_run_duration": "",
                "metadata": {
                  "disable-legacy-endpoints": "true"
                },
                "min_cpu_platform": "",
                "node_group": "",
                "oauth_scopes": [
                  "https://www.googleapis.com/auth/cloud-platform"
                ],
                "preemptible": false,
                "reservation_affinity": [],
                "resource_labels": {
                  "goog-gke-node-pool-provisioning-model": "on-demand"
                },
                "resource_manager_tags": null,
                "secondary_boot_disks": [],
                "service_account": "terraform-serviceacc@trendsinsight-76709.iam.gserviceaccount.com",
                "shielded_instance_config": [
                  {
                    "enable_integrity_monitoring": true,
                    "enable_secure_boot": false
                  }
                ],
                "sole_tenant_config": [],
                "spot": false,
                "storage_pools": null,
                "tags": null,
                "taint": [],
                "windows_node_config": [
                  {
                    "osversion": ""
                  }
                ],
                "workload_metadata_config": []
              }
            ],
            "node_locations": [
              "us-central1-b",
              "us-central1-c",
              "us-central1-f"
            ],
            "node_pool": [
              {
                "autoscaling": [],
                "initial_node_count": 1,
                "instance_group_urls": [
                  "https://www.googleapis.com/compute/v1/projects/trendsinsight-76709/zones/us-central1-c/instanceGroupManagers/gke-kestra-cluster-default-pool-1db9cdb5-grp",
                  "https://www.googleapis.com/compute/v1/projects/trendsinsight-76709/zones/us-central1-b/instanceGroupManagers/gke-kestra-cluster-default-pool-5d55585e-grp",
                  "https://www.googleapis.com/compute/v1/projects/trendsinsight-76709/zones/us-central1-f/instanceGroupManagers/gke-kestra-cluster-default-pool-61a0acb9-grp"
                ],
                "managed_instance_group_urls": [
                  "https://www.googleapis.com/compute/v1/projects/trendsinsight-76709/zones/us-central1-c/instanceGroups/gke-kestra-cluster-default-pool-1db9cdb5-grp",
                  "https://www.googleapis.com/compute/v1/projects/trendsinsight-76709/zones/us-central1-b/instanceGroups/gke-kestra-cluster-default-pool-5d55585e-grp",
                  "https://www.googleapis.com/compute/v1/projects/trendsinsight-76709/zones/us-central1-f/instanceGroups/gke-kestra-cluster-default-pool-61a0acb9-grp"
                ],
                "management": [
                  {
                    "auto_repair": true,
                    "auto_upgrade": true
                  }
                ],
                "max_pods_per_node": 110,
                "name": "default-pool",
                "name_prefix": "",
                "network_config": [
                  {
                    "additional_node_network_configs": [],
                    "additional_pod_network_configs": [],
                    "create_pod_range": false,
                    "enable_private_nodes": false,
                    "network_performance_config": [],
                    "pod_cidr_overprovision_config": [],
                    "pod_ipv4_cidr_block": "10.116.0.0/14",
                    "pod_range": "gke-kestra-cluster-pods-2bceba1b"
                  }
                ],
                "node_config": [
                  {
                    "advanced_machine_features": [],
                    "boot_disk_kms_key": "",
                    "confidential_nodes": [],
                    "containerd_config": [],
                    "disk_size_gb": 50,
                    "disk_type": "pd-standard",
                    "effective_taints": [],
                    "enable_confidential_storage": false,
                    "ephemeral_storage_local_ssd_config": [],
                    "fast_socket": [],
                    "gcfs_config": [],
                    "guest_accelerator": [],
                    "gvnic": [],
                    "host_maintenance_policy": [],
                    "image_type": "COS_CONTAINERD",
                    "kubelet_config": [
                      {
                        "allowed_unsafe_sysctls": [],
                        "container_log_max_files": 0,
                        "container_log_max_size": "",
                        "cpu_cfs_quota": false,
                        "cpu_cfs_quota_period": "",
                        "cpu_manager_policy": "",
                        "image_gc_high_threshold_percent": 0,
                        "image_gc_low_threshold_percent": 0,
                        "image_maximum_gc_age": "",
                        "image_minimum_gc_age": "",
                        "insecure_kubelet_readonly_port_enabled": "FALSE",
                        "pod_pids_limit": 0
                      }
                    ],
                    "labels": {},
                    "linux_node_config": [],
                    "local_nvme_ssd_block_config": [],
                    "local_ssd_count": 0,
                    "local_ssd_encryption_mode": "",
                    "logging_variant": "DEFAULT",
                    "machine_type": "e2-medium",
                    "max_run_duration": "",
                    "metadata": {
                      "disable-legacy-endpoints": "true"
                    },
                    "min_cpu_platform": "",
                    "node_group": "",
                    "oauth_scopes": [
                      "https://www.googleapis.com/auth/cloud-platform"
                    ],
                    "preemptible": false,
                    "reservation_affinity": [],
                    "resource_labels": {
                      "goog-gke-node-pool-provisioning-model": "on-demand"
                    },
                    "resource_manager_tags": {},
                    "secondary_boot_disks": [],
                    "service_account": "terraform-serviceacc@trendsinsight-76709.iam.gserviceaccount.com",
                    "shielded_instance_config": [
                      {
                        "enable_integrity_monitoring": true,
                        "enable_secure_boot": false
                      }
                    ],
                    "sole_tenant_config": [],
                    "spot": false,
                    "storage_pools": [],
                    "tags": [],
                    "taint": [],
                    "windows_node_config": [
                      {
                        "osversion": ""
                      }
                    ],
                    "workload_metadata_config": []
                  }
                ],
                "node_count": 1,
                "node_locations": [
                  "us-central1-b",
                  "us-central1-c",
                  "us-central1-f"
                ],
                "placement_policy": [],
                "queued_provisioning": [],
                "upgrade_settings": [
                  {
                    "blue_green_settings": [],
                    "max_surge": 1,
                    "max_unavailable": 0,
                    "strategy": "SURGE"
                  }
                ],
                "version": "1.32.2-gke.1182003"
              }
            ],
            "node_pool_auto_config": [
              {
                "linux_node_config": [],
                "network_tags": [],
                "node_kubelet_config": [
                  {
                    "insecure_kubelet_readonly_port_enabled": "FALSE"
                  }
                ],
                "resource_manager_tags": {}
              }
            ],
            "node_pool_defaults": [
              {
                "node_config_defaults": [
                  {
                    "containerd_config": [],
                    "gcfs_config": [],
                    "insecure_kubelet_readonly_port_enabled": "FALSE",
                    "logging_variant": "DEFAULT"
                  }
                ]
              }
            ],
            "node_version": "1.32.2-gke.1182003",
            "notification_config": [
              {
                "pubsub": [
                  {
                    "enabled": false,
                    "filter": [],
                    "topic": ""
                  }
                ]
              }
            ],
            "operation": null,
            "private_cluster_config": [
              {
                "enable_private_endpoint": false,
                "enable_private_nodes": false,
                "master_global_access_config": [
                  {
                    "enabled": false
                  }
                ],
                "master_ipv4_cidr_block": "",
                "peering_name": "",
                "private_endpoint": "10.128.0.2",
                "private_endpoint_subnetwork": "",
                "public_endpoint": "34.68.60.59"
              }
            ],
            "private_ipv6_google_access": "",
            "project": "trendsinsight-76709",
            "release_channel": [
              {
                "channel": "REGULAR"
              }
            ],
            "remove_default_node_pool": null,
            "resource_labels": null,
            "resource_usage_export_config": [],
            "secret_manager_config": [
              {
                "enabled": false
              }
            ],
            "security_posture_config": [
              {
                "mode": "BASIC",
                "vulnerability_mode": "VULNERABILITY_MODE_UNSPECIFIED"
              }
            ],
            "self_link": "https://container.googleapis.com/v1/projects/trendsinsight-76709/locations/us-central1/clusters/kestra-cluster",
            "service_external_ips_config": [
              {
                "enabled": false
              }
            ],
            "services_ipv4_cidr": "34.118.224.0/20",
            "subnetwork": "projects/trendsinsight-76709/regions/us-central1/subnetworks/default",
            "terraform_labels": {
              "goog-terraform-provisioned": "true"
            },
            "timeouts": null,
            "tpu_ipv4_cidr_block": "",
            "user_managed_keys_config": [],
            "vertical_pod_autoscaling": [],
            "workload_identity_config": []
          },
          "sensitive_attributes": [
            [
              {
                "type": "get_attr",
                "value": "master_auth"
              },
              {
                "type": "index",
                "value": {
                  "value": 0,
                  "type": "number"
                }
              },
              {
                "type": "get_attr",
                "value": "client_key"
              }
            ]
          ],
          "private": "eyJlMmJmYjczMC1lY2FhLTExZTYtOGY4OC0zNDM2M2JjN2M0YzAiOnsiY3JlYXRlIjoyNDAwMDAwMDAwMDAwLCJkZWxldGUiOjI0MDAwMDAwMDAwMDAsInJlYWQiOjI0MDAwMDAwMDAwMDAsInVwZGF0ZSI6MzYwMDAwMDAwMDAwMH0sInNjaGVtYV92ZXJzaW9uIjoiMiJ9",
          "dependencies": [
            "google_service_account.pipeline_service_account"
          ]
        }
      ]
    },
    {
      "mode": "managed",
      "type": "google_project_iam_binding",
      "name": "bigquery_admin",
      "provider": "provider[\"registry.terraform.io/hashicorp/google\"]",
      "instances": [
        {
          "schema_version": 0,
          "attributes": {
            "condition": [],
            "etag": "BwY0EJIu+q0=",
            "id": "trendsinsight-76709/roles/bigquery.admin",
            "members": [
              "serviceAccount:terraform-serviceacc@trendsinsight-76709.iam.gserviceaccount.com"
            ],
            "project": "trendsinsight-76709",
            "role": "roles/bigquery.admin"
          },
          "sensitive_attributes": [],
          "private": "bnVsbA==",
          "dependencies": [
            "google_service_account.pipeline_service_account"
          ]
        }
      ]
    },
    {
      "mode": "managed",
      "type": "google_project_iam_binding",
      "name": "storage_admin",
      "provider": "provider[\"registry.terraform.io/hashicorp/google\"]",
      "instances": [
        {
          "schema_version": 0,
          "attributes": {
            "condition": [],
            "etag": "BwY0EJIu+q0=",
            "id": "trendsinsight-76709/roles/storage.admin",
            "members": [
              "serviceAccount:terraform-serviceacc@trendsinsight-76709.iam.gserviceaccount.com"
            ],
            "project": "trendsinsight-76709",
            "role": "roles/storage.admin"
          },
          "sensitive_attributes": [],
          "private": "bnVsbA==",
          "dependencies": [
            "google_service_account.pipeline_service_account"
          ]
        }
      ]
    },
    {
      "mode": "managed",
      "type": "google_service_account",
      "name": "pipeline_service_account",
      "provider": "provider[\"registry.terraform.io/hashicorp/google\"]",
      "instances": [
        {
          "schema_version": 0,
          "attributes": {
            "account_id": "terraform-serviceacc",
            "create_ignore_already_exists": null,
            "description": "",
            "disabled": false,
            "display_name": "Trends Pipeline Service Account",
            "email": "terraform-serviceacc@trendsinsight-76709.iam.gserviceaccount.com",
            "id": "projects/trendsinsight-76709/serviceAccounts/terraform-serviceacc@trendsinsight-76709.iam.gserviceaccount.com",
            "member": "serviceAccount:terraform-serviceacc@trendsinsight-76709.iam.gserviceaccount.com",
            "name": "projects/trendsinsight-76709/serviceAccounts/terraform-serviceacc@trendsinsight-76709.iam.gserviceaccount.com",
            "project": "trendsinsight-76709",
            "timeouts": null,
            "unique_id": "107707394307422146549"
          },
          "sensitive_attributes": [],
          "private": "eyJlMmJmYjczMC1lY2FhLTExZTYtOGY4OC0zNDM2M2JjN2M0YzAiOnsiY3JlYXRlIjozMDAwMDAwMDAwMDB9fQ=="
        }
      ]
    },
    {
      "mode": "managed",
      "type": "google_storage_bucket",
      "name": "data_lake",
      "provider": "provider[\"registry.terraform.io/hashicorp/google\"]",
      "instances": [
        {
          "schema_version": 3,
          "attributes": {
            "autoclass": [],
            "cors": [],
            "custom_placement_config": [],
            "default_event_based_hold": false,
            "effective_labels": {
              "goog-terraform-provisioned": "true"
            },
            "enable_object_retention": false,
            "encryption": [],
            "force_destroy": true,
            "hierarchical_namespace": [
              {
                "enabled": false
              }
            ],
            "id": "trendsinsight-76709-datalake",
            "labels": {},
            "lifecycle_rule": [],
            "location": "US-CENTRAL1",
            "logging": [],
            "name": "trendsinsight-76709-datalake",
            "project": "trendsinsight-76709",
            "project_number": 954811927939,
            "public_access_prevention": "inherited",
            "requester_pays": false,
            "retention_policy": [],
            "rpo": null,
            "self_link": "https://www.googleapis.com/storage/v1/b/trendsinsight-76709-datalake",
            "soft_delete_policy": [
              {
                "effective_time": "2025-05-01T09:37:05.440Z",
                "retention_duration_seconds": 604800
              }
            ],
            "storage_class": "STANDARD",
            "terraform_labels": {
              "goog-terraform-provisioned": "true"
            },
            "time_created": "2025-05-01T09:37:05.440Z",
            "timeouts": null,
            "uniform_bucket_level_access": false,
            "updated": "2025-05-01T09:37:05.440Z",
            "url": "gs://trendsinsight-76709-datalake",
            "versioning": [
              {
                "enabled": true
              }
            ],
            "website": []
          },
          "sensitive_attributes": [],
          "private": "eyJlMmJmYjczMC1lY2FhLTExZTYtOGY4OC0zNDM2M2JjN2M0YzAiOnsiY3JlYXRlIjo2MDAwMDAwMDAwMDAsInJlYWQiOjI0MDAwMDAwMDAwMCwidXBkYXRlIjoyNDAwMDAwMDAwMDB9LCJzY2hlbWFfdmVyc2lvbiI6IjMifQ=="
        }
      ]
    },
    {
      "mode": "managed",
      "type": "google_storage_bucket",
      "name": "kestra_storage",
      "provider": "provider[\"registry.terraform.io/hashicorp/google\"]",
      "instances": [
        {
          "schema_version": 3,
          "attributes": {
            "autoclass": [],
            "cors": [],
            "custom_placement_config": [],
            "default_event_based_hold": false,
            "effective_labels": {
              "goog-terraform-provisioned": "true"
            },
            "enable_object_retention": false,
            "encryption": [],
            "force_destroy": true,
            "hierarchical_namespace": [
              {
                "enabled": false
              }
            ],
            "id": "trendsinsight-76709-kestra",
            "labels": {},
            "lifecycle_rule": [],
            "location": "US-CENTRAL1",
            "logging": [],
            "name": "trendsinsight-76709-kestra",
            "project": "trendsinsight-76709",
            "project_number": 954811927939,
            "public_access_prevention": "inherited",
            "requester_pays": false,
            "retention_policy": [],
            "rpo": null,
            "self_link": "https://www.googleapis.com/storage/v1/b/trendsinsight-76709-kestra",
            "soft_delete_policy": [
              {
                "effective_time": "2025-05-01T09:37:04.557Z",
                "retention_duration_seconds": 604800
              }
            ],
            "storage_class": "STANDARD",
            "terraform_labels": {
              "goog-terraform-provisioned": "true"
            },
            "time_created": "2025-05-01T09:37:04.557Z",
            "timeouts": null,
            "uniform_bucket_level_access": false,
            "updated": "2025-05-01T09:37:04.557Z",
            "url": "gs://trendsinsight-76709-kestra",
            "versioning": [
              {
                "enabled": true
              }
            ],
            "website": []
          },
          "sensitive_attributes": [],
          "private": "eyJlMmJmYjczMC1lY2FhLTExZTYtOGY4OC0zNDM2M2JjN2M0YzAiOnsiY3JlYXRlIjo2MDAwMDAwMDAwMDAsInJlYWQiOjI0MDAwMDAwMDAwMCwidXBkYXRlIjoyNDAwMDAwMDAwMDB9LCJzY2hlbWFfdmVyc2lvbiI6IjMifQ=="
        }
      ]
    },
    {
      "mode": "managed",
      "type": "google_storage_bucket_object",
      "name": "kestra_workflow",
      "provider": "provider[\"registry.terraform.io/hashicorp/google\"]",
      "instances": [
        {
          "schema_version": 0,
          "attributes": {
            "bucket": "trendsinsight-76709-kestra",
            "cache_control": "",
            "content": "id: trends_ingest\nnamespace: Topterms\ndescription: |\n  Extracts startup data from the public BigQuery dataset, \n  processes it, and loads it into our optimized table structure\n\ntasks:\n  - id: extract_data\n    type: io.kestra.plugin.gcp.bigquery.Query\n    sql: |\n      SELECT * \n      FROM  \\`bigquery-public-data.google_trends.international_top_terms\\`\n      WHERE refresh_date = \"2025-04-29\"\n      LIMIT 1000\n\n    destinationTable: \"{{gcp.project}}.topterms_dataset.Top_Terms_raw\"\n    serviceAccount: \"{{gcp.serviceAccount}}\"\n",
            "content_disposition": "",
            "content_encoding": "",
            "content_language": "",
            "content_type": "text/plain; charset=utf-8",
            "crc32c": "SKenZw==",
            "customer_encryption": [],
            "detect_md5hash": "cKwju1UwQUd7Y7DaEZJHWA==",
            "event_based_hold": false,
            "generation": 1746092228622670,
            "id": "trendsinsight-76709-kestra-workflows/trends_ingest.yml",
            "kms_key_name": "",
            "md5hash": "cKwju1UwQUd7Y7DaEZJHWA==",
            "md5hexhash": "70ac23bb553041477b63b0da11924758",
            "media_link": "https://storage.googleapis.com/download/storage/v1/b/trendsinsight-76709-kestra/o/workflows%2Ftrends_ingest.yml?generation=1746092228622670\u0026alt=media",
            "metadata": {},
            "name": "workflows/trends_ingest.yml",
            "output_name": "workflows/trends_ingest.yml",
            "retention": [],
            "self_link": "https://www.googleapis.com/storage/v1/b/trendsinsight-76709-kestra/o/workflows%2Ftrends_ingest.yml",
            "source": null,
            "storage_class": "STANDARD",
            "temporary_hold": false,
            "timeouts": null
          },
          "sensitive_attributes": [
            [
              {
                "type": "get_attr",
                "value": "content"
              }
            ]
          ],
          "private": "eyJlMmJmYjczMC1lY2FhLTExZTYtOGY4OC0zNDM2M2JjN2M0YzAiOnsiY3JlYXRlIjoyNDAwMDAwMDAwMDAsImRlbGV0ZSI6MjQwMDAwMDAwMDAwLCJ1cGRhdGUiOjI0MDAwMDAwMDAwMH19",
          "dependencies": [
            "google_storage_bucket.kestra_storage"
          ]
        }
      ]
    }
  ],
  "check_results": null
}
